
Microsoft Visual Studio Solution File, Format Version 12.00
# Visual Studio Version 17
VisualStudioVersion = 17.7.34202.233
MinimumVisualStudioVersion = 10.0.40219.1
Project("{FAE04EC0-301F-11D3-BF4B-00C04F79EFBC}") = "NSW", "NSW_Portal\NSW.csproj", "{CEE337EE-27D4-4682-B54F-167251CCEE2E}"
EndProject
Project("{9A19103F-16F7-4668-BE54-9A1E7A4F7556}") = "NSW_Data", "NSW_DataClasses\NSW_Data.csproj", "{15B23E2D-3196-4C4A-AD02-E078F97B4A3A}"
EndProject
Project("{9A19103F-16F7-4668-BE54-9A1E7A4F7556}") = "NSW_Info", "NSW_Info\NSW_Info.csproj", "{580ACCE2-4DF2-4D09-8FA1-B6481F07D857}"
EndProject
Project("{FAE04EC0-301F-11D3-BF4B-00C04F79EFBC}") = "NSW_DBUpdater", "NSW_DBUpdater\NSW_DBUpdater.csproj", "{8F9B235F-F102-41D5-BB40-D0B58FD77DE0}"
EndProject
Project("{FAE04EC0-301F-11D3-BF4B-00C04F79EFBC}") = "NSW_GeoCoder", "NSW_GeoCoder\NSW_GeoCoder.csproj", "{F63A85B9-844B-4623-B290-AF055D6C54E4}"
EndProject
Project("{9A19103F-16F7-4668-BE54-9A1E7A4F7556}") = "NSW_Services", "NSW_Services\NSW_Services.csproj", "{65DB0804-E219-48B5-9436-DECD5CA78740}"
EndProject
Project("{9A19103F-16F7-4668-BE54-9A1E7A4F7556}") = "NSW_Repositories", "NSW_Repositories\NSW_Repositories.csproj", "{A351C48E-2B88-466C-9944-FE4E80DF9797}"
EndProject
Project("{9A19103F-16F7-4668-BE54-9A1E7A4F7556}") = "NSW_Api", "NSW_Api\NSW_Api.csproj", "{54787528-7AA3-4994-8621-DE323F8536E3}"
EndProject
Project("{2150E333-8FDC-42A3-9474-1A3956D46DE8}") = "api", "api", "{17633F89-0AB4-4EDE-A579-8337DD1B15CD}"
EndProject
Project("{2150E333-8FDC-42A3-9474-1A3956D46DE8}") = "bff", "bff", "{EBECDA51-EDE8-4CDB-8E83-0D4E89F7E806}"
EndProject
Project("{2150E333-8FDC-42A3-9474-1A3956D46DE8}") = "idp", "idp", "{9373609B-240A-4A30-90EF-7B732BE2AB71}"
EndProject
Project("{9A19103F-16F7-4668-BE54-9A1E7A4F7556}") = "BFF", "..\..\bff\src\BFF.csproj", "{41DDDE3D-6C98-47FE-91EC-3BB9DD6E2BB5}"
EndProject
Project("{9A19103F-16F7-4668-BE54-9A1E7A4F7556}") = "IDP", "..\..\idp\src\IDP.csproj", "{FB1E344E-65F7-4EA3-9B7A-20629148A6C6}"
EndProject
Project("{2150E333-8FDC-42A3-9474-1A3956D46DE8}") = "db_updater", "db_updater", "{7FC37493-B004-4BE4-B070-784F60FCDF47}"
EndProject
Project("{2150E333-8FDC-42A3-9474-1A3956D46DE8}") = "geo_coder", "geo_coder", "{EDD5F284-D804-4ED4-8740-42FD3A60B2EF}"
EndProject
Global
	GlobalSection(SolutionConfigurationPlatforms) = preSolution
		Debug|Any CPU = Debug|Any CPU
		Debug|x86 = Debug|x86
		Release|Any CPU = Release|Any CPU
		Release|x86 = Release|x86
	EndGlobalSection
	GlobalSection(ProjectConfigurationPlatforms) = postSolution
		{CEE337EE-27D4-4682-B54F-167251CCEE2E}.Debug|Any CPU.ActiveCfg = Debug|Any CPU
		{CEE337EE-27D4-4682-B54F-167251CCEE2E}.Debug|Any CPU.Build.0 = Debug|Any CPU
		{CEE337EE-27D4-4682-B54F-167251CCEE2E}.Debug|x86.ActiveCfg = Debug|Any CPU
		{CEE337EE-27D4-4682-B54F-167251CCEE2E}.Debug|x86.Build.0 = Debug|Any CPU
		{CEE337EE-27D4-4682-B54F-167251CCEE2E}.Release|Any CPU.ActiveCfg = Release|Any CPU
		{CEE337EE-27D4-4682-B54F-167251CCEE2E}.Release|Any CPU.Build.0 = Release|Any CPU
		{CEE337EE-27D4-4682-B54F-167251CCEE2E}.Release|x86.ActiveCfg = Release|Any CPU
		{CEE337EE-27D4-4682-B54F-167251CCEE2E}.Release|x86.Build.0 = Release|Any CPU
		{15B23E2D-3196-4C4A-AD02-E078F97B4A3A}.Debug|Any CPU.ActiveCfg = Debug|Any CPU
		{15B23E2D-3196-4C4A-AD02-E078F97B4A3A}.Debug|Any CPU.Build.0 = Debug|Any CPU
		{15B23E2D-3196-4C4A-AD02-E078F97B4A3A}.Debug|x86.ActiveCfg = Debug|Any CPU
		{15B23E2D-3196-4C4A-AD02-E078F97B4A3A}.Debug|x86.Build.0 = Debug|Any CPU
		{15B23E2D-3196-4C4A-AD02-E078F97B4A3A}.Release|Any CPU.ActiveCfg = Release|Any CPU
		{15B23E2D-3196-4C4A-AD02-E078F97B4A3A}.Release|Any CPU.Build.0 = Release|Any CPU
		{15B23E2D-3196-4C4A-AD02-E078F97B4A3A}.Release|x86.ActiveCfg = Release|Any CPU
		{15B23E2D-3196-4C4A-AD02-E078F97B4A3A}.Release|x86.Build.0 = Release|Any CPU
		{580ACCE2-4DF2-4D09-8FA1-B6481F07D857}.Debug|Any CPU.ActiveCfg = Debug|Any CPU
		{580ACCE2-4DF2-4D09-8FA1-B6481F07D857}.Debug|Any CPU.Build.0 = Debug|Any CPU
		{580ACCE2-4DF2-4D09-8FA1-B6481F07D857}.Debug|x86.ActiveCfg = Debug|Any CPU
		{580ACCE2-4DF2-4D09-8FA1-B6481F07D857}.Debug|x86.Build.0 = Debug|Any CPU
		{580ACCE2-4DF2-4D09-8FA1-B6481F07D857}.Release|Any CPU.ActiveCfg = Release|Any CPU
		{580ACCE2-4DF2-4D09-8FA1-B6481F07D857}.Release|Any CPU.Build.0 = Release|Any CPU
		{580ACCE2-4DF2-4D09-8FA1-B6481F07D857}.Release|x86.ActiveCfg = Release|Any CPU
		{580ACCE2-4DF2-4D09-8FA1-B6481F07D857}.Release|x86.Build.0 = Release|Any CPU
		{8F9B235F-F102-41D5-BB40-D0B58FD77DE0}.Debug|Any CPU.ActiveCfg = Debug|Any CPU
		{8F9B235F-F102-41D5-BB40-D0B58FD77DE0}.Debug|Any CPU.Build.0 = Debug|Any CPU
		{8F9B235F-F102-41D5-BB40-D0B58FD77DE0}.Debug|x86.ActiveCfg = Debug|Any CPU
		{8F9B235F-F102-41D5-BB40-D0B58FD77DE0}.Debug|x86.Build.0 = Debug|Any CPU
		{8F9B235F-F102-41D5-BB40-D0B58FD77DE0}.Release|Any CPU.ActiveCfg = Release|Any CPU
		{8F9B235F-F102-41D5-BB40-D0B58FD77DE0}.Release|Any CPU.Build.0 = Release|Any CPU
		{8F9B235F-F102-41D5-BB40-D0B58FD77DE0}.Release|x86.ActiveCfg = Release|Any CPU
		{8F9B235F-F102-41D5-BB40-D0B58FD77DE0}.Release|x86.Build.0 = Release|Any CPU
		{F63A85B9-844B-4623-B290-AF055D6C54E4}.Debug|Any CPU.ActiveCfg = Debug|x86
		{F63A85B9-844B-4623-B290-AF055D6C54E4}.Debug|x86.ActiveCfg = Debug|x86
		{F63A85B9-844B-4623-B290-AF055D6C54E4}.Debug|x86.Build.0 = Debug|x86
		{F63A85B9-844B-4623-B290-AF055D6C54E4}.Release|Any CPU.ActiveCfg = Release|x86
		{F63A85B9-844B-4623-B290-AF055D6C54E4}.Release|x86.ActiveCfg = Release|x86
		{F63A85B9-844B-4623-B290-AF055D6C54E4}.Release|x86.Build.0 = Release|x86
		{65DB0804-E219-48B5-9436-DECD5CA78740}.Debug|Any CPU.ActiveCfg = Debug|Any CPU
		{65DB0804-E219-48B5-9436-DECD5CA78740}.Debug|Any CPU.Build.0 = Debug|Any CPU
		{65DB0804-E219-48B5-9436-DECD5CA78740}.Debug|x86.ActiveCfg = Debug|Any CPU
		{65DB0804-E219-48B5-9436-DECD5CA78740}.Debug|x86.Build.0 = Debug|Any CPU
		{65DB0804-E219-48B5-9436-DECD5CA78740}.Release|Any CPU.ActiveCfg = Release|Any CPU
		{65DB0804-E219-48B5-9436-DECD5CA78740}.Release|Any CPU.Build.0 = Release|Any CPU
		{65DB0804-E219-48B5-9436-DECD5CA78740}.Release|x86.ActiveCfg = Release|Any CPU
		{65DB0804-E219-48B5-9436-DECD5CA78740}.Release|x86.Build.0 = Release|Any CPU
		{A351C48E-2B88-466C-9944-FE4E80DF9797}.Debug|Any CPU.ActiveCfg = Debug|Any CPU
		{A351C48E-2B88-466C-9944-FE4E80DF9797}.Debug|Any CPU.Build.0 = Debug|Any CPU
		{A351C48E-2B88-466C-9944-FE4E80DF9797}.Debug|x86.ActiveCfg = Debug|Any CPU
		{A351C48E-2B88-466C-9944-FE4E80DF9797}.Debug|x86.Build.0 = Debug|Any CPU
		{A351C48E-2B88-466C-9944-FE4E80DF9797}.Release|Any CPU.ActiveCfg = Release|Any CPU
		{A351C48E-2B88-466C-9944-FE4E80DF9797}.Release|Any CPU.Build.0 = Release|Any CPU
		{A351C48E-2B88-466C-9944-FE4E80DF9797}.Release|x86.ActiveCfg = Release|Any CPU
		{A351C48E-2B88-466C-9944-FE4E80DF9797}.Release|x86.Build.0 = Release|Any CPU
		{54787528-7AA3-4994-8621-DE323F8536E3}.Debug|Any CPU.ActiveCfg = Debug|Any CPU
		{54787528-7AA3-4994-8621-DE323F8536E3}.Debug|Any CPU.Build.0 = Debug|Any CPU
		{54787528-7AA3-4994-8621-DE323F8536E3}.Debug|x86.ActiveCfg = Debug|Any CPU
		{54787528-7AA3-4994-8621-DE323F8536E3}.Debug|x86.Build.0 = Debug|Any CPU
		{54787528-7AA3-4994-8621-DE323F8536E3}.Release|Any CPU.ActiveCfg = Release|Any CPU
		{54787528-7AA3-4994-8621-DE323F8536E3}.Release|Any CPU.Build.0 = Release|Any CPU
		{54787528-7AA3-4994-8621-DE323F8536E3}.Release|x86.ActiveCfg = Release|Any CPU
		{54787528-7AA3-4994-8621-DE323F8536E3}.Release|x86.Build.0 = Release|Any CPU
		{41DDDE3D-6C98-47FE-91EC-3BB9DD6E2BB5}.Debug|Any CPU.ActiveCfg = Debug|Any CPU
		{41DDDE3D-6C98-47FE-91EC-3BB9DD6E2BB5}.Debug|Any CPU.Build.0 = Debug|Any CPU
		{41DDDE3D-6C98-47FE-91EC-3BB9DD6E2BB5}.Debug|x86.ActiveCfg = Debug|Any CPU
		{41DDDE3D-6C98-47FE-91EC-3BB9DD6E2BB5}.Debug|x86.Build.0 = Debug|Any CPU
		{41DDDE3D-6C98-47FE-91EC-3BB9DD6E2BB5}.Release|Any CPU.ActiveCfg = Release|Any CPU
		{41DDDE3D-6C98-47FE-91EC-3BB9DD6E2BB5}.Release|Any CPU.Build.0 = Release|Any CPU
		{41DDDE3D-6C98-47FE-91EC-3BB9DD6E2BB5}.Release|x86.ActiveCfg = Release|Any CPU
		{41DDDE3D-6C98-47FE-91EC-3BB9DD6E2BB5}.Release|x86.Build.0 = Release|Any CPU
		{FB1E344E-65F7-4EA3-9B7A-20629148A6C6}.Debug|Any CPU.ActiveCfg = Debug|Any CPU
		{FB1E344E-65F7-4EA3-9B7A-20629148A6C6}.Debug|Any CPU.Build.0 = Debug|Any CPU
		{FB1E344E-65F7-4EA3-9B7A-20629148A6C6}.Debug|x86.ActiveCfg = Debug|Any CPU
		{FB1E344E-65F7-4EA3-9B7A-20629148A6C6}.Debug|x86.Build.0 = Debug|Any CPU
		{FB1E344E-65F7-4EA3-9B7A-20629148A6C6}.Release|Any CPU.ActiveCfg = Release|Any CPU
		{FB1E344E-65F7-4EA3-9B7A-20629148A6C6}.Release|Any CPU.Build.0 = Release|Any CPU
		{FB1E344E-65F7-4EA3-9B7A-20629148A6C6}.Release|x86.ActiveCfg = Release|Any CPU
		{FB1E344E-65F7-4EA3-9B7A-20629148A6C6}.Release|x86.Build.0 = Release|Any CPU
	EndGlobalSection
	GlobalSection(SolutionProperties) = preSolution
		HideSolutionNode = FALSE
	EndGlobalSection
	GlobalSection(NestedProjects) = preSolution
		{CEE337EE-27D4-4682-B54F-167251CCEE2E} = {17633F89-0AB4-4EDE-A579-8337DD1B15CD}
		{15B23E2D-3196-4C4A-AD02-E078F97B4A3A} = {17633F89-0AB4-4EDE-A579-8337DD1B15CD}
		{580ACCE2-4DF2-4D09-8FA1-B6481F07D857} = {17633F89-0AB4-4EDE-A579-8337DD1B15CD}
		{8F9B235F-F102-41D5-BB40-D0B58FD77DE0} = {7FC37493-B004-4BE4-B070-784F60FCDF47}
		{F63A85B9-844B-4623-B290-AF055D6C54E4} = {EDD5F284-D804-4ED4-8740-42FD3A60B2EF}
		{65DB0804-E219-48B5-9436-DECD5CA78740} = {17633F89-0AB4-4EDE-A579-8337DD1B15CD}
		{A351C48E-2B88-466C-9944-FE4E80DF9797} = {17633F89-0AB4-4EDE-A579-8337DD1B15CD}
		{54787528-7AA3-4994-8621-DE323F8536E3} = {17633F89-0AB4-4EDE-A579-8337DD1B15CD}
		{41DDDE3D-6C98-47FE-91EC-3BB9DD6E2BB5} = {EBECDA51-EDE8-4CDB-8E83-0D4E89F7E806}
		{FB1E344E-65F7-4EA3-9B7A-20629148A6C6} = {9373609B-240A-4A30-90EF-7B732BE2AB71}
	EndGlobalSection
	GlobalSection(ExtensibilityGlobals) = postSolution
		VisualSVNWorkingCopyRoot = .
		SolutionGuid = {3527EB40-AB6C-4401-8E63-29612BB7434B}
	EndGlobalSection
EndGlobal
