
Microsoft Visual Studio Solution File, Format Version 12.00
# Visual Studio 2010
Project("{FAE04EC0-301F-11D3-BF4B-00C04F79EFBC}") = "NSW", "NSW_Portal\NSW.csproj", "{CEE337EE-27D4-4682-B54F-167251CCEE2E}"
EndProject
Project("{FAE04EC0-301F-11D3-BF4B-00C04F79EFBC}") = "NSW_Data", "NSW_DataClasses\NSW_Data.csproj", "{15B23E2D-3196-4C4A-AD02-E078F97B4A3A}"
EndProject
Project("{FAE04EC0-301F-11D3-BF4B-00C04F79EFBC}") = "NSW_Info", "NSW_Info\NSW_Info.csproj", "{580ACCE2-4DF2-4D09-8FA1-B6481F07D857}"
EndProject
Project("{FAE04EC0-301F-11D3-BF4B-00C04F79EFBC}") = "NSW_DBUpdater", "NSW_DBUpdater\NSW_DBUpdater.csproj", "{8F9B235F-F102-41D5-BB40-D0B58FD77DE0}"
EndProject
Project("{2150E333-8FDC-42A3-9474-1A3956D46DE8}") = "Solution Items", "Solution Items", "{3F16CA69-F9F9-46DB-9821-C457DB12653F}"
	ProjectSection(SolutionItems) = preProject
		bugs.txt = bugs.txt
		ENHANCEMENTS.txt = ENHANCEMENTS.txt
		ReleaseNotes.txt = ReleaseNotes.txt
	EndProjectSection
EndProject
Global
	GlobalSection(SolutionConfigurationPlatforms) = preSolution
		Debug|Any CPU = Debug|Any CPU
		Release|Any CPU = Release|Any CPU
	EndGlobalSection
	GlobalSection(ProjectConfigurationPlatforms) = postSolution
		{CEE337EE-27D4-4682-B54F-167251CCEE2E}.Debug|Any CPU.ActiveCfg = Debug|Any CPU
		{CEE337EE-27D4-4682-B54F-167251CCEE2E}.Debug|Any CPU.Build.0 = Debug|Any CPU
		{CEE337EE-27D4-4682-B54F-167251CCEE2E}.Release|Any CPU.ActiveCfg = Release|Any CPU
		{CEE337EE-27D4-4682-B54F-167251CCEE2E}.Release|Any CPU.Build.0 = Release|Any CPU
		{15B23E2D-3196-4C4A-AD02-E078F97B4A3A}.Debug|Any CPU.ActiveCfg = Debug|Any CPU
		{15B23E2D-3196-4C4A-AD02-E078F97B4A3A}.Debug|Any CPU.Build.0 = Debug|Any CPU
		{15B23E2D-3196-4C4A-AD02-E078F97B4A3A}.Release|Any CPU.ActiveCfg = Release|Any CPU
		{15B23E2D-3196-4C4A-AD02-E078F97B4A3A}.Release|Any CPU.Build.0 = Release|Any CPU
		{580ACCE2-4DF2-4D09-8FA1-B6481F07D857}.Debug|Any CPU.ActiveCfg = Debug|Any CPU
		{580ACCE2-4DF2-4D09-8FA1-B6481F07D857}.Debug|Any CPU.Build.0 = Debug|Any CPU
		{580ACCE2-4DF2-4D09-8FA1-B6481F07D857}.Release|Any CPU.ActiveCfg = Release|Any CPU
		{580ACCE2-4DF2-4D09-8FA1-B6481F07D857}.Release|Any CPU.Build.0 = Release|Any CPU
		{8F9B235F-F102-41D5-BB40-D0B58FD77DE0}.Debug|Any CPU.ActiveCfg = Debug|Any CPU
		{8F9B235F-F102-41D5-BB40-D0B58FD77DE0}.Debug|Any CPU.Build.0 = Debug|Any CPU
		{8F9B235F-F102-41D5-BB40-D0B58FD77DE0}.Release|Any CPU.ActiveCfg = Release|Any CPU
		{8F9B235F-F102-41D5-BB40-D0B58FD77DE0}.Release|Any CPU.Build.0 = Release|Any CPU
	EndGlobalSection
	GlobalSection(SolutionProperties) = preSolution
		HideSolutionNode = FALSE
	EndGlobalSection
	GlobalSection(ExtensibilityGlobals) = postSolution
		VisualSVNWorkingCopyRoot = .
	EndGlobalSection
EndGlobal
